
Microsoft Visual Studio Solution File, Format Version 12.00
# Visual Studio Version 17
VisualStudioVersion = 17.3.32929.385
MinimumVisualStudioVersion = 10.0.40219.1
Project("{FAE04EC0-301F-11D3-BF4B-00C04F79EFBC}") = "csharp-oop-shop", "csharp-oop-shop.csproj", "{6BEAB191-7A00-40CD-92A2-B4012213772E}"
EndProject
Global
	GlobalSection(SolutionConfigurationPlatforms) = preSolution
		Debug|Any CPU = Debug|Any CPU
		Release|Any CPU = Release|Any CPU
	EndGlobalSection
	GlobalSection(ProjectConfigurationPlatforms) = postSolution
		{6BEAB191-7A00-40CD-92A2-B4012213772E}.Debug|Any CPU.ActiveCfg = Debug|Any CPU
		{6BEAB191-7A00-40CD-92A2-B4012213772E}.Debug|Any CPU.Build.0 = Debug|Any CPU
		{6BEAB191-7A00-40CD-92A2-B4012213772E}.Release|Any CPU.ActiveCfg = Release|Any CPU
		{6BEAB191-7A00-40CD-92A2-B4012213772E}.Release|Any CPU.Build.0 = Release|Any CPU
	EndGlobalSection
	GlobalSection(SolutionProperties) = preSolution
		HideSolutionNode = FALSE
	EndGlobalSection
	GlobalSection(ExtensibilityGlobals) = postSolution
		SolutionGuid = {5A40A41A-E463-405E-85C5-6006CFCCDDC6}
	EndGlobalSection
EndGlobal
